// !$*UTF8*$!
{
	archiveVersion = 1;
	classes = {
	};
	objectVersion = 51;
	objects = {

/* Begin PBXBuildFile section */
		4A387E4825A5EC03004B4335 /* AppDelegate.swift in Sources */ = {isa = PBXBuildFile; fileRef = 4A387E4725A5EC03004B4335 /* AppDelegate.swift */; };
		4A387E4A25A5EC03004B4335 /* SceneDelegate.swift in Sources */ = {isa = PBXBuildFile; fileRef = 4A387E4925A5EC03004B4335 /* SceneDelegate.swift */; };
		4A387E4C25A5EC03004B4335 /* HomePageViewController.swift in Sources */ = {isa = PBXBuildFile; fileRef = 4A387E4B25A5EC03004B4335 /* HomePageViewController.swift */; };
		4A387E4F25A5EC03004B4335 /* Main.storyboard in Resources */ = {isa = PBXBuildFile; fileRef = 4A387E4D25A5EC03004B4335 /* Main.storyboard */; };
		4A387E5125A5EC03004B4335 /* Assets.xcassets in Resources */ = {isa = PBXBuildFile; fileRef = 4A387E5025A5EC03004B4335 /* Assets.xcassets */; };
		4A387E5425A5EC03004B4335 /* LaunchScreen.storyboard in Resources */ = {isa = PBXBuildFile; fileRef = 4A387E5225A5EC03004B4335 /* LaunchScreen.storyboard */; };
		4A387E6225A6DD9D004B4335 /* UIViewExtension.swift in Sources */ = {isa = PBXBuildFile; fileRef = 4A387E6125A6DD9D004B4335 /* UIViewExtension.swift */; };
		4A8F167425A6E21700CC979F /* HighScorePageViewController.swift in Sources */ = {isa = PBXBuildFile; fileRef = 4A8F167325A6E21700CC979F /* HighScorePageViewController.swift */; };
		4A8F167725A6E22800CC979F /* AppSettingsPageViewController.swift in Sources */ = {isa = PBXBuildFile; fileRef = 4A8F167625A6E22800CC979F /* AppSettingsPageViewController.swift */; };
		4A8F167A25A6E23D00CC979F /* QuizSettingsPageViewController.swift in Sources */ = {isa = PBXBuildFile; fileRef = 4A8F167925A6E23D00CC979F /* QuizSettingsPageViewController.swift */; };
		4A8F167E25A6E2EF00CC979F /* UIViewControllerExtension.swift in Sources */ = {isa = PBXBuildFile; fileRef = 4A8F167D25A6E2EF00CC979F /* UIViewControllerExtension.swift */; };
		4A8F168425A6EA5700CC979F /* QuizPageViewController.swift in Sources */ = {isa = PBXBuildFile; fileRef = 4A8F168325A6EA5600CC979F /* QuizPageViewController.swift */; };
		4A8F168B25A7026B00CC979F /* ScorePageViewController.swift in Sources */ = {isa = PBXBuildFile; fileRef = 4A8F168A25A7026B00CC979F /* ScorePageViewController.swift */; };
		4A9EC33B25A87DE10095F54E /* BaseTextField.swift in Sources */ = {isa = PBXBuildFile; fileRef = 4A9EC33A25A87DE10095F54E /* BaseTextField.swift */; };
		4AC8B90025AA3F8A002BE2AA /* QuestionModel.swift in Sources */ = {isa = PBXBuildFile; fileRef = 4AC8B8FF25AA3F8A002BE2AA /* QuestionModel.swift */; };
		4ACEAD2025A7379800384604 /* UIButtonExtension.swift in Sources */ = {isa = PBXBuildFile; fileRef = 4ACEAD1F25A7379800384604 /* UIButtonExtension.swift */; };
		4ACEAD2325A73A6600384604 /* UILabelExtension.swift in Sources */ = {isa = PBXBuildFile; fileRef = 4ACEAD2225A73A6600384604 /* UILabelExtension.swift */; };
		4ACEAD2625A82ED600384604 /* CategoryModel.swift in Sources */ = {isa = PBXBuildFile; fileRef = 4ACEAD2525A82ED600384604 /* CategoryModel.swift */; };
		4ACEAD3225A8659C00384604 /* BaseBlueButton.swift in Sources */ = {isa = PBXBuildFile; fileRef = 4ACEAD3125A8659C00384604 /* BaseBlueButton.swift */; };
		4ACEAD3625A865AA00384604 /* BaseWhiteButton.swift in Sources */ = {isa = PBXBuildFile; fileRef = 4ACEAD3525A865AA00384604 /* BaseWhiteButton.swift */; };
		4ACEAD3925A865DC00384604 /* BaseLightBlueLabel.swift in Sources */ = {isa = PBXBuildFile; fileRef = 4ACEAD3825A865DC00384604 /* BaseLightBlueLabel.swift */; };
		4ACEAD3C25A865EB00384604 /* BaseDarkBlueLabel.swift in Sources */ = {isa = PBXBuildFile; fileRef = 4ACEAD3B25A865EB00384604 /* BaseDarkBlueLabel.swift */; };
		4ACEAD3F25A8660C00384604 /* BaseFadedBlueViewController.swift in Sources */ = {isa = PBXBuildFile; fileRef = 4ACEAD3E25A8660C00384604 /* BaseFadedBlueViewController.swift */; };
		4ACEAD4225A866B300384604 /* BackgroundSound.swift in Sources */ = {isa = PBXBuildFile; fileRef = 4ACEAD4125A866B300384604 /* BackgroundSound.swift */; };
		72BF0CDB433CB5B7DC0825A5 /* Pods_WhoKnowsProject.framework in Frameworks */ = {isa = PBXBuildFile; fileRef = 845DFA0895146FA6871A9842 /* Pods_WhoKnowsProject.framework */; };
/* End PBXBuildFile section */

/* Begin PBXFileReference section */
		4A387E4425A5EC03004B4335 /* WhoKnowsProject.app */ = {isa = PBXFileReference; explicitFileType = wrapper.application; includeInIndex = 0; path = WhoKnowsProject.app; sourceTree = BUILT_PRODUCTS_DIR; };
		4A387E4725A5EC03004B4335 /* AppDelegate.swift */ = {isa = PBXFileReference; lastKnownFileType = sourcecode.swift; path = AppDelegate.swift; sourceTree = "<group>"; };
		4A387E4925A5EC03004B4335 /* SceneDelegate.swift */ = {isa = PBXFileReference; lastKnownFileType = sourcecode.swift; path = SceneDelegate.swift; sourceTree = "<group>"; };
		4A387E4B25A5EC03004B4335 /* HomePageViewController.swift */ = {isa = PBXFileReference; lastKnownFileType = sourcecode.swift; path = HomePageViewController.swift; sourceTree = "<group>"; };
		4A387E4E25A5EC03004B4335 /* Base */ = {isa = PBXFileReference; lastKnownFileType = file.storyboard; name = Base; path = Base.lproj/Main.storyboard; sourceTree = "<group>"; };
		4A387E5025A5EC03004B4335 /* Assets.xcassets */ = {isa = PBXFileReference; lastKnownFileType = folder.assetcatalog; path = Assets.xcassets; sourceTree = "<group>"; };
		4A387E5325A5EC03004B4335 /* Base */ = {isa = PBXFileReference; lastKnownFileType = file.storyboard; name = Base; path = Base.lproj/LaunchScreen.storyboard; sourceTree = "<group>"; };
		4A387E5525A5EC03004B4335 /* Info.plist */ = {isa = PBXFileReference; lastKnownFileType = text.plist.xml; path = Info.plist; sourceTree = "<group>"; };
		4A387E6125A6DD9D004B4335 /* UIViewExtension.swift */ = {isa = PBXFileReference; lastKnownFileType = sourcecode.swift; path = UIViewExtension.swift; sourceTree = "<group>"; };
		4A8F167325A6E21700CC979F /* HighScorePageViewController.swift */ = {isa = PBXFileReference; lastKnownFileType = sourcecode.swift; path = HighScorePageViewController.swift; sourceTree = "<group>"; };
		4A8F167625A6E22800CC979F /* AppSettingsPageViewController.swift */ = {isa = PBXFileReference; lastKnownFileType = sourcecode.swift; path = AppSettingsPageViewController.swift; sourceTree = "<group>"; };
		4A8F167925A6E23D00CC979F /* QuizSettingsPageViewController.swift */ = {isa = PBXFileReference; lastKnownFileType = sourcecode.swift; path = QuizSettingsPageViewController.swift; sourceTree = "<group>"; };
		4A8F167D25A6E2EF00CC979F /* UIViewControllerExtension.swift */ = {isa = PBXFileReference; lastKnownFileType = sourcecode.swift; path = UIViewControllerExtension.swift; sourceTree = "<group>"; };
		4A8F168325A6EA5600CC979F /* QuizPageViewController.swift */ = {isa = PBXFileReference; lastKnownFileType = sourcecode.swift; path = QuizPageViewController.swift; sourceTree = "<group>"; };
		4A8F168A25A7026B00CC979F /* ScorePageViewController.swift */ = {isa = PBXFileReference; lastKnownFileType = sourcecode.swift; path = ScorePageViewController.swift; sourceTree = "<group>"; };
		4A9EC33A25A87DE10095F54E /* BaseTextField.swift */ = {isa = PBXFileReference; lastKnownFileType = sourcecode.swift; path = BaseTextField.swift; sourceTree = "<group>"; };
		4AC8B8FF25AA3F8A002BE2AA /* QuestionModel.swift */ = {isa = PBXFileReference; lastKnownFileType = sourcecode.swift; path = QuestionModel.swift; sourceTree = "<group>"; };
		4ACEAD1F25A7379800384604 /* UIButtonExtension.swift */ = {isa = PBXFileReference; lastKnownFileType = sourcecode.swift; path = UIButtonExtension.swift; sourceTree = "<group>"; };
		4ACEAD2225A73A6600384604 /* UILabelExtension.swift */ = {isa = PBXFileReference; lastKnownFileType = sourcecode.swift; path = UILabelExtension.swift; sourceTree = "<group>"; };
		4ACEAD2525A82ED600384604 /* CategoryModel.swift */ = {isa = PBXFileReference; lastKnownFileType = sourcecode.swift; path = CategoryModel.swift; sourceTree = "<group>"; };
		4ACEAD3125A8659C00384604 /* BaseBlueButton.swift */ = {isa = PBXFileReference; lastKnownFileType = sourcecode.swift; path = BaseBlueButton.swift; sourceTree = "<group>"; };
		4ACEAD3525A865AA00384604 /* BaseWhiteButton.swift */ = {isa = PBXFileReference; lastKnownFileType = sourcecode.swift; path = BaseWhiteButton.swift; sourceTree = "<group>"; };
		4ACEAD3825A865DC00384604 /* BaseLightBlueLabel.swift */ = {isa = PBXFileReference; lastKnownFileType = sourcecode.swift; path = BaseLightBlueLabel.swift; sourceTree = "<group>"; };
		4ACEAD3B25A865EB00384604 /* BaseDarkBlueLabel.swift */ = {isa = PBXFileReference; lastKnownFileType = sourcecode.swift; path = BaseDarkBlueLabel.swift; sourceTree = "<group>"; };
		4ACEAD3E25A8660C00384604 /* BaseFadedBlueViewController.swift */ = {isa = PBXFileReference; lastKnownFileType = sourcecode.swift; path = BaseFadedBlueViewController.swift; sourceTree = "<group>"; };
		4ACEAD4125A866B300384604 /* BackgroundSound.swift */ = {isa = PBXFileReference; lastKnownFileType = sourcecode.swift; path = BackgroundSound.swift; sourceTree = "<group>"; };
		845DFA0895146FA6871A9842 /* Pods_WhoKnowsProject.framework */ = {isa = PBXFileReference; explicitFileType = wrapper.framework; includeInIndex = 0; path = Pods_WhoKnowsProject.framework; sourceTree = BUILT_PRODUCTS_DIR; };
		AE38DF0D44CCFA768A018259 /* Pods-WhoKnowsProject.release.xcconfig */ = {isa = PBXFileReference; includeInIndex = 1; lastKnownFileType = text.xcconfig; name = "Pods-WhoKnowsProject.release.xcconfig"; path = "Target Support Files/Pods-WhoKnowsProject/Pods-WhoKnowsProject.release.xcconfig"; sourceTree = "<group>"; };
		B83460EC6D8A4EA16D27E063 /* Pods-WhoKnowsProject.debug.xcconfig */ = {isa = PBXFileReference; includeInIndex = 1; lastKnownFileType = text.xcconfig; name = "Pods-WhoKnowsProject.debug.xcconfig"; path = "Target Support Files/Pods-WhoKnowsProject/Pods-WhoKnowsProject.debug.xcconfig"; sourceTree = "<group>"; };
/* End PBXFileReference section */

/* Begin PBXFrameworksBuildPhase section */
		4A387E4125A5EC03004B4335 /* Frameworks */ = {
			isa = PBXFrameworksBuildPhase;
			buildActionMask = 2147483647;
			files = (
				72BF0CDB433CB5B7DC0825A5 /* Pods_WhoKnowsProject.framework in Frameworks */,
			);
			runOnlyForDeploymentPostprocessing = 0;
		};
/* End PBXFrameworksBuildPhase section */

/* Begin PBXGroup section */
		01311F6A810F89F61D4FE0B5 /* Frameworks */ = {
			isa = PBXGroup;
			children = (
				845DFA0895146FA6871A9842 /* Pods_WhoKnowsProject.framework */,
			);
			name = Frameworks;
			sourceTree = "<group>";
		};
		4A387E3B25A5EC03004B4335 = {
			isa = PBXGroup;
			children = (
				4A387E4625A5EC03004B4335 /* WhoKnowsProject */,
				4A387E4525A5EC03004B4335 /* Products */,
				84B184D2FFA7E004E5CEF5FF /* Pods */,
				01311F6A810F89F61D4FE0B5 /* Frameworks */,
			);
			sourceTree = "<group>";
		};
		4A387E4525A5EC03004B4335 /* Products */ = {
			isa = PBXGroup;
			children = (
				4A387E4425A5EC03004B4335 /* WhoKnowsProject.app */,
			);
			name = Products;
			sourceTree = "<group>";
		};
		4A387E4625A5EC03004B4335 /* WhoKnowsProject */ = {
			isa = PBXGroup;
			children = (
				4ACEAD3025A8657E00384604 /* Base Components */,
				4A387E6025A6DD84004B4335 /* Extensions */,
				4ACEAD2B25A8366200384604 /* Resources */,
				4A8F168725A6FE7700CC979F /* Cells */,
				4A387E5F25A5EC25004B4335 /* Model */,
				4A387E5E25A5EC20004B4335 /* Controller */,
				4A387E5D25A5EC1B004B4335 /* View */,
				4A387E4725A5EC03004B4335 /* AppDelegate.swift */,
				4A387E4925A5EC03004B4335 /* SceneDelegate.swift */,
				4A387E5025A5EC03004B4335 /* Assets.xcassets */,
				4A387E5525A5EC03004B4335 /* Info.plist */,
			);
			path = WhoKnowsProject;
			sourceTree = "<group>";
		};
		4A387E5D25A5EC1B004B4335 /* View */ = {
			isa = PBXGroup;
			children = (
				4A387E4D25A5EC03004B4335 /* Main.storyboard */,
				4A387E5225A5EC03004B4335 /* LaunchScreen.storyboard */,
			);
			path = View;
			sourceTree = "<group>";
		};
		4A387E5E25A5EC20004B4335 /* Controller */ = {
			isa = PBXGroup;
			children = (
				4A387E4B25A5EC03004B4335 /* HomePageViewController.swift */,
				4A8F167925A6E23D00CC979F /* QuizSettingsPageViewController.swift */,
				4A8F168325A6EA5600CC979F /* QuizPageViewController.swift */,
				4A8F168A25A7026B00CC979F /* ScorePageViewController.swift */,
				4A8F167325A6E21700CC979F /* HighScorePageViewController.swift */,
				4A8F167625A6E22800CC979F /* AppSettingsPageViewController.swift */,
			);
			path = Controller;
			sourceTree = "<group>";
		};
		4A387E5F25A5EC25004B4335 /* Model */ = {
			isa = PBXGroup;
			children = (
				4ACEAD2525A82ED600384604 /* CategoryModel.swift */,
				4AC8B8FF25AA3F8A002BE2AA /* QuestionModel.swift */,
			);
			path = Model;
			sourceTree = "<group>";
		};
		4A387E6025A6DD84004B4335 /* Extensions */ = {
			isa = PBXGroup;
			children = (
				4A387E6125A6DD9D004B4335 /* UIViewExtension.swift */,
				4A8F167D25A6E2EF00CC979F /* UIViewControllerExtension.swift */,
				4ACEAD1F25A7379800384604 /* UIButtonExtension.swift */,
				4ACEAD2225A73A6600384604 /* UILabelExtension.swift */,
			);
			path = Extensions;
			sourceTree = "<group>";
		};
		4A8F168725A6FE7700CC979F /* Cells */ = {
			isa = PBXGroup;
			children = (
				4A8F168825A6FE7F00CC979F /* High Scores Table View Cell */,
			);
			path = Cells;
			sourceTree = "<group>";
		};
		4A8F168825A6FE7F00CC979F /* High Scores Table View Cell */ = {
			isa = PBXGroup;
			children = (
			);
			path = "High Scores Table View Cell";
			sourceTree = "<group>";
		};
		4ACEAD2B25A8366200384604 /* Resources */ = {
			isa = PBXGroup;
			children = (
				4ACEAD4125A866B300384604 /* BackgroundSound.swift */,
			);
			path = Resources;
			sourceTree = "<group>";
		};
		4ACEAD3025A8657E00384604 /* Base Components */ = {
			isa = PBXGroup;
			children = (
				4ACEAD3125A8659C00384604 /* BaseBlueButton.swift */,
				4ACEAD3525A865AA00384604 /* BaseWhiteButton.swift */,
				4ACEAD3825A865DC00384604 /* BaseLightBlueLabel.swift */,
				4ACEAD3B25A865EB00384604 /* BaseDarkBlueLabel.swift */,
				4ACEAD3E25A8660C00384604 /* BaseFadedBlueViewController.swift */,
				4A9EC33A25A87DE10095F54E /* BaseTextField.swift */,
			);
			path = "Base Components";
			sourceTree = "<group>";
		};
		84B184D2FFA7E004E5CEF5FF /* Pods */ = {
			isa = PBXGroup;
			children = (
				B83460EC6D8A4EA16D27E063 /* Pods-WhoKnowsProject.debug.xcconfig */,
				AE38DF0D44CCFA768A018259 /* Pods-WhoKnowsProject.release.xcconfig */,
			);
			path = Pods;
			sourceTree = "<group>";
		};
/* End PBXGroup section */

/* Begin PBXNativeTarget section */
		4A387E4325A5EC03004B4335 /* WhoKnowsProject */ = {
			isa = PBXNativeTarget;
			buildConfigurationList = 4A387E5825A5EC03004B4335 /* Build configuration list for PBXNativeTarget "WhoKnowsProject" */;
			buildPhases = (
				279B2F9910A19B11A3191DC5 /* [CP] Check Pods Manifest.lock */,
				4A387E4025A5EC03004B4335 /* Sources */,
				4A387E4125A5EC03004B4335 /* Frameworks */,
				4A387E4225A5EC03004B4335 /* Resources */,
				504583B7458D137DD9714D5A /* [CP] Embed Pods Frameworks */,
			);
			buildRules = (
			);
			dependencies = (
			);
			name = WhoKnowsProject;
			productName = WhoKnowsProject;
			productReference = 4A387E4425A5EC03004B4335 /* WhoKnowsProject.app */;
			productType = "com.apple.product-type.application";
		};
/* End PBXNativeTarget section */

/* Begin PBXProject section */
		4A387E3C25A5EC03004B4335 /* Project object */ = {
			isa = PBXProject;
			attributes = {
				LastSwiftUpdateCheck = 1230;
				LastUpgradeCheck = 1230;
				TargetAttributes = {
					4A387E4325A5EC03004B4335 = {
						CreatedOnToolsVersion = 12.3;
					};
				};
			};
			buildConfigurationList = 4A387E3F25A5EC03004B4335 /* Build configuration list for PBXProject "WhoKnowsProject" */;
			compatibilityVersion = "Xcode 9.3";
			developmentRegion = en;
			hasScannedForEncodings = 0;
			knownRegions = (
				en,
				Base,
			);
			mainGroup = 4A387E3B25A5EC03004B4335;
			productRefGroup = 4A387E4525A5EC03004B4335 /* Products */;
			projectDirPath = "";
			projectRoot = "";
			targets = (
				4A387E4325A5EC03004B4335 /* WhoKnowsProject */,
			);
		};
/* End PBXProject section */

/* Begin PBXResourcesBuildPhase section */
		4A387E4225A5EC03004B4335 /* Resources */ = {
			isa = PBXResourcesBuildPhase;
			buildActionMask = 2147483647;
			files = (
				4A387E5425A5EC03004B4335 /* LaunchScreen.storyboard in Resources */,
				4A387E5125A5EC03004B4335 /* Assets.xcassets in Resources */,
				4A387E4F25A5EC03004B4335 /* Main.storyboard in Resources */,
			);
			runOnlyForDeploymentPostprocessing = 0;
		};
/* End PBXResourcesBuildPhase section */

/* Begin PBXShellScriptBuildPhase section */
		279B2F9910A19B11A3191DC5 /* [CP] Check Pods Manifest.lock */ = {
			isa = PBXShellScriptBuildPhase;
			buildActionMask = 2147483647;
			files = (
			);
			inputFileListPaths = (
			);
			inputPaths = (
				"${PODS_PODFILE_DIR_PATH}/Podfile.lock",
				"${PODS_ROOT}/Manifest.lock",
			);
			name = "[CP] Check Pods Manifest.lock";
			outputFileListPaths = (
			);
			outputPaths = (
				"$(DERIVED_FILE_DIR)/Pods-WhoKnowsProject-checkManifestLockResult.txt",
			);
			runOnlyForDeploymentPostprocessing = 0;
			shellPath = /bin/sh;
			shellScript = "diff \"${PODS_PODFILE_DIR_PATH}/Podfile.lock\" \"${PODS_ROOT}/Manifest.lock\" > /dev/null\nif [ $? != 0 ] ; then\n    # print error to STDERR\n    echo \"error: The sandbox is not in sync with the Podfile.lock. Run 'pod install' or update your CocoaPods installation.\" >&2\n    exit 1\nfi\n# This output is used by Xcode 'outputs' to avoid re-running this script phase.\necho \"SUCCESS\" > \"${SCRIPT_OUTPUT_FILE_0}\"\n";
			showEnvVarsInLog = 0;
		};
		504583B7458D137DD9714D5A /* [CP] Embed Pods Frameworks */ = {
			isa = PBXShellScriptBuildPhase;
			buildActionMask = 2147483647;
			files = (
			);
			inputFileListPaths = (
				"${PODS_ROOT}/Target Support Files/Pods-WhoKnowsProject/Pods-WhoKnowsProject-frameworks-${CONFIGURATION}-input-files.xcfilelist",
			);
			name = "[CP] Embed Pods Frameworks";
			outputFileListPaths = (
				"${PODS_ROOT}/Target Support Files/Pods-WhoKnowsProject/Pods-WhoKnowsProject-frameworks-${CONFIGURATION}-output-files.xcfilelist",
			);
			runOnlyForDeploymentPostprocessing = 0;
			shellPath = /bin/sh;
			shellScript = "\"${PODS_ROOT}/Target Support Files/Pods-WhoKnowsProject/Pods-WhoKnowsProject-frameworks.sh\"\n";
			showEnvVarsInLog = 0;
		};
/* End PBXShellScriptBuildPhase section */

/* Begin PBXSourcesBuildPhase section */
		4A387E4025A5EC03004B4335 /* Sources */ = {
			isa = PBXSourcesBuildPhase;
			buildActionMask = 2147483647;
			files = (
				4ACEAD2625A82ED600384604 /* CategoryModel.swift in Sources */,
				4A8F168B25A7026B00CC979F /* ScorePageViewController.swift in Sources */,
				4ACEAD3F25A8660C00384604 /* BaseFadedBlueViewController.swift in Sources */,
				4ACEAD2025A7379800384604 /* UIButtonExtension.swift in Sources */,
				4A8F167425A6E21700CC979F /* HighScorePageViewController.swift in Sources */,
				4ACEAD3925A865DC00384604 /* BaseLightBlueLabel.swift in Sources */,
				4A387E4C25A5EC03004B4335 /* HomePageViewController.swift in Sources */,
				4ACEAD2325A73A6600384604 /* UILabelExtension.swift in Sources */,
				4A8F168425A6EA5700CC979F /* QuizPageViewController.swift in Sources */,
				4A9EC33B25A87DE10095F54E /* BaseTextField.swift in Sources */,
				4A8F167725A6E22800CC979F /* AppSettingsPageViewController.swift in Sources */,
				4A387E6225A6DD9D004B4335 /* UIViewExtension.swift in Sources */,
				4AC8B90025AA3F8A002BE2AA /* QuestionModel.swift in Sources */,
				4A8F167E25A6E2EF00CC979F /* UIViewControllerExtension.swift in Sources */,
				4ACEAD3625A865AA00384604 /* BaseWhiteButton.swift in Sources */,
				4A8F167A25A6E23D00CC979F /* QuizSettingsPageViewController.swift in Sources */,
				4A387E4825A5EC03004B4335 /* AppDelegate.swift in Sources */,
				4ACEAD3225A8659C00384604 /* BaseBlueButton.swift in Sources */,
				4ACEAD4225A866B300384604 /* BackgroundSound.swift in Sources */,
				4ACEAD3C25A865EB00384604 /* BaseDarkBlueLabel.swift in Sources */,
				4A387E4A25A5EC03004B4335 /* SceneDelegate.swift in Sources */,
			);
			runOnlyForDeploymentPostprocessing = 0;
		};
/* End PBXSourcesBuildPhase section */

/* Begin PBXVariantGroup section */
		4A387E4D25A5EC03004B4335 /* Main.storyboard */ = {
			isa = PBXVariantGroup;
			children = (
				4A387E4E25A5EC03004B4335 /* Base */,
			);
			name = Main.storyboard;
			sourceTree = "<group>";
		};
		4A387E5225A5EC03004B4335 /* LaunchScreen.storyboard */ = {
			isa = PBXVariantGroup;
			children = (
				4A387E5325A5EC03004B4335 /* Base */,
			);
			name = LaunchScreen.storyboard;
			sourceTree = "<group>";
		};
/* End PBXVariantGroup section */

/* Begin XCBuildConfiguration section */
		4A387E5625A5EC03004B4335 /* Debug */ = {
			isa = XCBuildConfiguration;
			buildSettings = {
				ALWAYS_SEARCH_USER_PATHS = NO;
				CLANG_ANALYZER_NONNULL = YES;
				CLANG_ANALYZER_NUMBER_OBJECT_CONVERSION = YES_AGGRESSIVE;
				CLANG_CXX_LANGUAGE_STANDARD = "gnu++14";
				CLANG_CXX_LIBRARY = "libc++";
				CLANG_ENABLE_MODULES = YES;
				CLANG_ENABLE_OBJC_ARC = YES;
				CLANG_ENABLE_OBJC_WEAK = YES;
				CLANG_WARN_BLOCK_CAPTURE_AUTORELEASING = YES;
				CLANG_WARN_BOOL_CONVERSION = YES;
				CLANG_WARN_COMMA = YES;
				CLANG_WARN_CONSTANT_CONVERSION = YES;
				CLANG_WARN_DEPRECATED_OBJC_IMPLEMENTATIONS = YES;
				CLANG_WARN_DIRECT_OBJC_ISA_USAGE = YES_ERROR;
				CLANG_WARN_DOCUMENTATION_COMMENTS = YES;
				CLANG_WARN_EMPTY_BODY = YES;
				CLANG_WARN_ENUM_CONVERSION = YES;
				CLANG_WARN_INFINITE_RECURSION = YES;
				CLANG_WARN_INT_CONVERSION = YES;
				CLANG_WARN_NON_LITERAL_NULL_CONVERSION = YES;
				CLANG_WARN_OBJC_IMPLICIT_RETAIN_SELF = YES;
				CLANG_WARN_OBJC_LITERAL_CONVERSION = YES;
				CLANG_WARN_OBJC_ROOT_CLASS = YES_ERROR;
				CLANG_WARN_QUOTED_INCLUDE_IN_FRAMEWORK_HEADER = YES;
				CLANG_WARN_RANGE_LOOP_ANALYSIS = YES;
				CLANG_WARN_STRICT_PROTOTYPES = YES;
				CLANG_WARN_SUSPICIOUS_MOVE = YES;
				CLANG_WARN_UNGUARDED_AVAILABILITY = YES_AGGRESSIVE;
				CLANG_WARN_UNREACHABLE_CODE = YES;
				CLANG_WARN__DUPLICATE_METHOD_MATCH = YES;
				COPY_PHASE_STRIP = NO;
				DEBUG_INFORMATION_FORMAT = dwarf;
				ENABLE_STRICT_OBJC_MSGSEND = YES;
				ENABLE_TESTABILITY = YES;
				GCC_C_LANGUAGE_STANDARD = gnu11;
				GCC_DYNAMIC_NO_PIC = NO;
				GCC_NO_COMMON_BLOCKS = YES;
				GCC_OPTIMIZATION_LEVEL = 0;
				GCC_PREPROCESSOR_DEFINITIONS = (
					"DEBUG=1",
					"$(inherited)",
				);
				GCC_WARN_64_TO_32_BIT_CONVERSION = YES;
				GCC_WARN_ABOUT_RETURN_TYPE = YES_ERROR;
				GCC_WARN_UNDECLARED_SELECTOR = YES;
				GCC_WARN_UNINITIALIZED_AUTOS = YES_AGGRESSIVE;
				GCC_WARN_UNUSED_FUNCTION = YES;
				GCC_WARN_UNUSED_VARIABLE = YES;
				IPHONEOS_DEPLOYMENT_TARGET = 14.3;
				MTL_ENABLE_DEBUG_INFO = INCLUDE_SOURCE;
				MTL_FAST_MATH = YES;
				ONLY_ACTIVE_ARCH = YES;
				SDKROOT = iphoneos;
				SWIFT_ACTIVE_COMPILATION_CONDITIONS = DEBUG;
				SWIFT_OPTIMIZATION_LEVEL = "-Onone";
			};
			name = Debug;
		};
		4A387E5725A5EC03004B4335 /* Release */ = {
			isa = XCBuildConfiguration;
			buildSettings = {
				ALWAYS_SEARCH_USER_PATHS = NO;
				CLANG_ANALYZER_NONNULL = YES;
				CLANG_ANALYZER_NUMBER_OBJECT_CONVERSION = YES_AGGRESSIVE;
				CLANG_CXX_LANGUAGE_STANDARD = "gnu++14";
				CLANG_CXX_LIBRARY = "libc++";
				CLANG_ENABLE_MODULES = YES;
				CLANG_ENABLE_OBJC_ARC = YES;
				CLANG_ENABLE_OBJC_WEAK = YES;
				CLANG_WARN_BLOCK_CAPTURE_AUTORELEASING = YES;
				CLANG_WARN_BOOL_CONVERSION = YES;
				CLANG_WARN_COMMA = YES;
				CLANG_WARN_CONSTANT_CONVERSION = YES;
				CLANG_WARN_DEPRECATED_OBJC_IMPLEMENTATIONS = YES;
				CLANG_WARN_DIRECT_OBJC_ISA_USAGE = YES_ERROR;
				CLANG_WARN_DOCUMENTATION_COMMENTS = YES;
				CLANG_WARN_EMPTY_BODY = YES;
				CLANG_WARN_ENUM_CONVERSION = YES;
				CLANG_WARN_INFINITE_RECURSION = YES;
				CLANG_WARN_INT_CONVERSION = YES;
				CLANG_WARN_NON_LITERAL_NULL_CONVERSION = YES;
				CLANG_WARN_OBJC_IMPLICIT_RETAIN_SELF = YES;
				CLANG_WARN_OBJC_LITERAL_CONVERSION = YES;
				CLANG_WARN_OBJC_ROOT_CLASS = YES_ERROR;
				CLANG_WARN_QUOTED_INCLUDE_IN_FRAMEWORK_HEADER = YES;
				CLANG_WARN_RANGE_LOOP_ANALYSIS = YES;
				CLANG_WARN_STRICT_PROTOTYPES = YES;
				CLANG_WARN_SUSPICIOUS_MOVE = YES;
				CLANG_WARN_UNGUARDED_AVAILABILITY = YES_AGGRESSIVE;
				CLANG_WARN_UNREACHABLE_CODE = YES;
				CLANG_WARN__DUPLICATE_METHOD_MATCH = YES;
				COPY_PHASE_STRIP = NO;
				DEBUG_INFORMATION_FORMAT = "dwarf-with-dsym";
				ENABLE_NS_ASSERTIONS = NO;
				ENABLE_STRICT_OBJC_MSGSEND = YES;
				GCC_C_LANGUAGE_STANDARD = gnu11;
				GCC_NO_COMMON_BLOCKS = YES;
				GCC_WARN_64_TO_32_BIT_CONVERSION = YES;
				GCC_WARN_ABOUT_RETURN_TYPE = YES_ERROR;
				GCC_WARN_UNDECLARED_SELECTOR = YES;
				GCC_WARN_UNINITIALIZED_AUTOS = YES_AGGRESSIVE;
				GCC_WARN_UNUSED_FUNCTION = YES;
				GCC_WARN_UNUSED_VARIABLE = YES;
				IPHONEOS_DEPLOYMENT_TARGET = 14.3;
				MTL_ENABLE_DEBUG_INFO = NO;
				MTL_FAST_MATH = YES;
				SDKROOT = iphoneos;
				SWIFT_COMPILATION_MODE = wholemodule;
				SWIFT_OPTIMIZATION_LEVEL = "-O";
				VALIDATE_PRODUCT = YES;
			};
			name = Release;
		};
		4A387E5925A5EC03004B4335 /* Debug */ = {
			isa = XCBuildConfiguration;
			baseConfigurationReference = B83460EC6D8A4EA16D27E063 /* Pods-WhoKnowsProject.debug.xcconfig */;
			buildSettings = {
				ASSETCATALOG_COMPILER_APPICON_NAME = AppIcon;
				ASSETCATALOG_COMPILER_GLOBAL_ACCENT_COLOR_NAME = AccentColor;
				CODE_SIGN_STYLE = Automatic;
				INFOPLIST_FILE = WhoKnowsProject/Info.plist;
				LD_RUNPATH_SEARCH_PATHS = (
					"$(inherited)",
					"@executable_path/Frameworks",
				);
				PRODUCT_BUNDLE_IDENTIFIER = zt.WhoKnowsProject;
				PRODUCT_NAME = "$(TARGET_NAME)";
				SWIFT_VERSION = 5.0;
				TARGETED_DEVICE_FAMILY = 1;
			};
			name = Debug;
		};
		4A387E5A25A5EC03004B4335 /* Release */ = {
			isa = XCBuildConfiguration;
			baseConfigurationReference = AE38DF0D44CCFA768A018259 /* Pods-WhoKnowsProject.release.xcconfig */;
			buildSettings = {
				ASSETCATALOG_COMPILER_APPICON_NAME = AppIcon;
				ASSETCATALOG_COMPILER_GLOBAL_ACCENT_COLOR_NAME = AccentColor;
				CODE_SIGN_STYLE = Automatic;
				INFOPLIST_FILE = WhoKnowsProject/Info.plist;
				LD_RUNPATH_SEARCH_PATHS = (
					"$(inherited)",
					"@executable_path/Frameworks",
				);
				PRODUCT_BUNDLE_IDENTIFIER = zt.WhoKnowsProject;
				PRODUCT_NAME = "$(TARGET_NAME)";
				SWIFT_VERSION = 5.0;
				TARGETED_DEVICE_FAMILY = 1;
			};
			name = Release;
		};
/* End XCBuildConfiguration section */

/* Begin XCConfigurationList section */
		4A387E3F25A5EC03004B4335 /* Build configuration list for PBXProject "WhoKnowsProject" */ = {
			isa = XCConfigurationList;
			buildConfigurations = (
				4A387E5625A5EC03004B4335 /* Debug */,
				4A387E5725A5EC03004B4335 /* Release */,
			);
			defaultConfigurationIsVisible = 0;
			defaultConfigurationName = Release;
		};
		4A387E5825A5EC03004B4335 /* Build configuration list for PBXNativeTarget "WhoKnowsProject" */ = {
			isa = XCConfigurationList;
			buildConfigurations = (
				4A387E5925A5EC03004B4335 /* Debug */,
				4A387E5A25A5EC03004B4335 /* Release */,
			);
			defaultConfigurationIsVisible = 0;
			defaultConfigurationName = Release;
		};
/* End XCConfigurationList section */
	};
	rootObject = 4A387E3C25A5EC03004B4335 /* Project object */;
}
